// !$*UTF8*$!
{
	archiveVersion = 1;
	classes = {
	};
	objectVersion = 46;
	objects = {

/* Begin PBXBuildFile section */
		750E14611E51DB780057E0D0 /* main.m in Sources */ = {isa = PBXBuildFile; fileRef = 750E14601E51DB780057E0D0 /* main.m */; };
		750E14641E51DB780057E0D0 /* AppDelegate.m in Sources */ = {isa = PBXBuildFile; fileRef = 750E14631E51DB780057E0D0 /* AppDelegate.m */; };
		750E14671E51DB780057E0D0 /* ViewController.m in Sources */ = {isa = PBXBuildFile; fileRef = 750E14661E51DB780057E0D0 /* ViewController.m */; };
		750E146A1E51DB780057E0D0 /* Main.storyboard in Resources */ = {isa = PBXBuildFile; fileRef = 750E14681E51DB780057E0D0 /* Main.storyboard */; };
		750E146C1E51DB780057E0D0 /* Assets.xcassets in Resources */ = {isa = PBXBuildFile; fileRef = 750E146B1E51DB780057E0D0 /* Assets.xcassets */; };
		750E146F1E51DB780057E0D0 /* LaunchScreen.storyboard in Resources */ = {isa = PBXBuildFile; fileRef = 750E146D1E51DB780057E0D0 /* LaunchScreen.storyboard */; };
		750E147E1E51DD410057E0D0 /* Balloon.JPEG in Resources */ = {isa = PBXBuildFile; fileRef = 750E147D1E51DD410057E0D0 /* Balloon.JPEG */; };
/* End PBXBuildFile section */

/* Begin PBXFileReference section */
		750E145C1E51DB780057E0D0 /* TCMaskCustomization.app */ = {isa = PBXFileReference; explicitFileType = wrapper.application; includeInIndex = 0; path = TCMaskCustomization.app; sourceTree = BUILT_PRODUCTS_DIR; };
		750E14601E51DB780057E0D0 /* main.m */ = {isa = PBXFileReference; lastKnownFileType = sourcecode.c.objc; path = main.m; sourceTree = "<group>"; };
		750E14621E51DB780057E0D0 /* AppDelegate.h */ = {isa = PBXFileReference; lastKnownFileType = sourcecode.c.h; path = AppDelegate.h; sourceTree = "<group>"; };
		750E14631E51DB780057E0D0 /* AppDelegate.m */ = {isa = PBXFileReference; lastKnownFileType = sourcecode.c.objc; path = AppDelegate.m; sourceTree = "<group>"; };
		750E14651E51DB780057E0D0 /* ViewController.h */ = {isa = PBXFileReference; lastKnownFileType = sourcecode.c.h; path = ViewController.h; sourceTree = "<group>"; };
		750E14661E51DB780057E0D0 /* ViewController.m */ = {isa = PBXFileReference; lastKnownFileType = sourcecode.c.objc; path = ViewController.m; sourceTree = "<group>"; };
		750E14691E51DB780057E0D0 /* Base */ = {isa = PBXFileReference; lastKnownFileType = file.storyboard; name = Base; path = Base.lproj/Main.storyboard; sourceTree = "<group>"; };
		750E146B1E51DB780057E0D0 /* Assets.xcassets */ = {isa = PBXFileReference; lastKnownFileType = folder.assetcatalog; path = Assets.xcassets; sourceTree = "<group>"; };
		750E146E1E51DB780057E0D0 /* Base */ = {isa = PBXFileReference; lastKnownFileType = file.storyboard; name = Base; path = Base.lproj/LaunchScreen.storyboard; sourceTree = "<group>"; };
		750E14701E51DB780057E0D0 /* Info.plist */ = {isa = PBXFileReference; lastKnownFileType = text.plist.xml; path = Info.plist; sourceTree = "<group>"; };
		750E147D1E51DD410057E0D0 /* Balloon.JPEG */ = {isa = PBXFileReference; lastKnownFileType = image.jpeg; path = Balloon.JPEG; sourceTree = "<group>"; };
/* End PBXFileReference section */

/* Begin PBXFrameworksBuildPhase section */
		750E14591E51DB780057E0D0 /* Frameworks */ = {
			isa = PBXFrameworksBuildPhase;
			buildActionMask = 2147483647;
			files = (
			);
			runOnlyForDeploymentPostprocessing = 0;
		};
/* End PBXFrameworksBuildPhase section */

/* Begin PBXGroup section */
		750E14531E51DB780057E0D0 = {
			isa = PBXGroup;
			children = (
				750E145E1E51DB780057E0D0 /* TCMaskCustomization */,
				750E145D1E51DB780057E0D0 /* Products */,
			);
			sourceTree = "<group>";
		};
		750E145D1E51DB780057E0D0 /* Products */ = {
			isa = PBXGroup;
			children = (
				750E145C1E51DB780057E0D0 /* TCMaskCustomization.app */,
			);
			name = Products;
			sourceTree = "<group>";
		};
		750E145E1E51DB780057E0D0 /* TCMaskCustomization */ = {
			isa = PBXGroup;
			children = (
				750E14621E51DB780057E0D0 /* AppDelegate.h */,
				750E14631E51DB780057E0D0 /* AppDelegate.m */,
				750E14651E51DB780057E0D0 /* ViewController.h */,
				750E14661E51DB780057E0D0 /* ViewController.m */,
				750E14681E51DB780057E0D0 /* Main.storyboard */,
				750E146B1E51DB780057E0D0 /* Assets.xcassets */,
				750E146D1E51DB780057E0D0 /* LaunchScreen.storyboard */,
				750E14701E51DB780057E0D0 /* Info.plist */,
				750E147D1E51DD410057E0D0 /* Balloon.JPEG */,
				750E145F1E51DB780057E0D0 /* Supporting Files */,
			);
			path = TCMaskCustomization;
			sourceTree = "<group>";
		};
		750E145F1E51DB780057E0D0 /* Supporting Files */ = {
			isa = PBXGroup;
			children = (
				750E14601E51DB780057E0D0 /* main.m */,
			);
			name = "Supporting Files";
			sourceTree = "<group>";
		};
/* End PBXGroup section */

/* Begin PBXNativeTarget section */
		750E145B1E51DB780057E0D0 /* TCMaskCustomization */ = {
			isa = PBXNativeTarget;
			buildConfigurationList = 750E14731E51DB780057E0D0 /* Build configuration list for PBXNativeTarget "TCMaskCustomization" */;
			buildPhases = (
				750E14581E51DB780057E0D0 /* Sources */,
				750E14591E51DB780057E0D0 /* Frameworks */,
				750E145A1E51DB780057E0D0 /* Resources */,
			);
			buildRules = (
			);
			dependencies = (
			);
			name = TCMaskCustomization;
			productName = TCMaskCustomization;
			productReference = 750E145C1E51DB780057E0D0 /* TCMaskCustomization.app */;
			productType = "com.apple.product-type.application";
		};
/* End PBXNativeTarget section */

/* Begin PBXProject section */
		750E14541E51DB780057E0D0 /* Project object */ = {
			isa = PBXProject;
			attributes = {
				LastUpgradeCheck = 0820;
				ORGANIZATIONNAME = TinyCrayon;
				TargetAttributes = {
					750E145B1E51DB780057E0D0 = {
						CreatedOnToolsVersion = 8.2.1;
						ProvisioningStyle = Automatic;
					};
				};
			};
			buildConfigurationList = 750E14571E51DB780057E0D0 /* Build configuration list for PBXProject "TCMaskCustomization" */;
			compatibilityVersion = "Xcode 3.2";
			developmentRegion = English;
			hasScannedForEncodings = 0;
			knownRegions = (
				en,
				Base,
			);
			mainGroup = 750E14531E51DB780057E0D0;
			productRefGroup = 750E145D1E51DB780057E0D0 /* Products */;
			projectDirPath = "";
			projectRoot = "";
			targets = (
				750E145B1E51DB780057E0D0 /* TCMaskCustomization */,
			);
		};
/* End PBXProject section */

/* Begin PBXResourcesBuildPhase section */
		750E145A1E51DB780057E0D0 /* Resources */ = {
			isa = PBXResourcesBuildPhase;
			buildActionMask = 2147483647;
			files = (
				750E146F1E51DB780057E0D0 /* LaunchScreen.storyboard in Resources */,
				750E146C1E51DB780057E0D0 /* Assets.xcassets in Resources */,
				750E146A1E51DB780057E0D0 /* Main.storyboard in Resources */,
				750E147E1E51DD410057E0D0 /* Balloon.JPEG in Resources */,
			);
			runOnlyForDeploymentPostprocessing = 0;
		};
/* End PBXResourcesBuildPhase section */

/* Begin PBXSourcesBuildPhase section */
		750E14581E51DB780057E0D0 /* Sources */ = {
			isa = PBXSourcesBuildPhase;
			buildActionMask = 2147483647;
			files = (
				750E14671E51DB780057E0D0 /* ViewController.m in Sources */,
				750E14641E51DB780057E0D0 /* AppDelegate.m in Sources */,
				750E14611E51DB780057E0D0 /* main.m in Sources */,
			);
			runOnlyForDeploymentPostprocessing = 0;
		};
/* End PBXSourcesBuildPhase section */

/* Begin PBXVariantGroup section */
		750E14681E51DB780057E0D0 /* Main.storyboard */ = {
			isa = PBXVariantGroup;
			children = (
				750E14691E51DB780057E0D0 /* Base */,
			);
			name = Main.storyboard;
			sourceTree = "<group>";
		};
		750E146D1E51DB780057E0D0 /* LaunchScreen.storyboard */ = {
			isa = PBXVariantGroup;
			children = (
				750E146E1E51DB780057E0D0 /* Base */,
			);
			name = LaunchScreen.storyboard;
			sourceTree = "<group>";
		};
/* End PBXVariantGroup section */

/* Begin XCBuildConfiguration section */
		750E14711E51DB780057E0D0 /* Debug */ = {
			isa = XCBuildConfiguration;
			buildSettings = {
				ALWAYS_SEARCH_USER_PATHS = NO;
				CLANG_ANALYZER_NONNULL = YES;
				CLANG_CXX_LANGUAGE_STANDARD = "gnu++0x";
				CLANG_CXX_LIBRARY = "libc++";
				CLANG_ENABLE_MODULES = YES;
				CLANG_ENABLE_OBJC_ARC = YES;
				CLANG_WARN_BOOL_CONVERSION = YES;
				CLANG_WARN_CONSTANT_CONVERSION = YES;
				CLANG_WARN_DIRECT_OBJC_ISA_USAGE = YES_ERROR;
				CLANG_WARN_DOCUMENTATION_COMMENTS = YES;
				CLANG_WARN_EMPTY_BODY = YES;
				CLANG_WARN_ENUM_CONVERSION = YES;
				CLANG_WARN_INFINITE_RECURSION = YES;
				CLANG_WARN_INT_CONVERSION = YES;
				CLANG_WARN_OBJC_ROOT_CLASS = YES_ERROR;
				CLANG_WARN_SUSPICIOUS_MOVE = YES;
				CLANG_WARN_UNREACHABLE_CODE = YES;
				CLANG_WARN__DUPLICATE_METHOD_MATCH = YES;
				"CODE_SIGN_IDENTITY[sdk=iphoneos*]" = "iPhone Developer";
				COPY_PHASE_STRIP = NO;
				DEBUG_INFORMATION_FORMAT = dwarf;
				ENABLE_STRICT_OBJC_MSGSEND = YES;
				ENABLE_TESTABILITY = YES;
				GCC_C_LANGUAGE_STANDARD = gnu99;
				GCC_DYNAMIC_NO_PIC = NO;
				GCC_NO_COMMON_BLOCKS = YES;
				GCC_OPTIMIZATION_LEVEL = 0;
				GCC_PREPROCESSOR_DEFINITIONS = (
					"DEBUG=1",
					"$(inherited)",
				);
				GCC_WARN_64_TO_32_BIT_CONVERSION = YES;
				GCC_WARN_ABOUT_RETURN_TYPE = YES_ERROR;
				GCC_WARN_UNDECLARED_SELECTOR = YES;
				GCC_WARN_UNINITIALIZED_AUTOS = YES_AGGRESSIVE;
				GCC_WARN_UNUSED_FUNCTION = YES;
				GCC_WARN_UNUSED_VARIABLE = YES;
				IPHONEOS_DEPLOYMENT_TARGET = 10.2;
				MTL_ENABLE_DEBUG_INFO = YES;
				ONLY_ACTIVE_ARCH = YES;
				SDKROOT = iphoneos;
			};
			name = Debug;
		};
		750E14721E51DB780057E0D0 /* Release */ = {
			isa = XCBuildConfiguration;
			buildSettings = {
				ALWAYS_SEARCH_USER_PATHS = NO;
				CLANG_ANALYZER_NONNULL = YES;
				CLANG_CXX_LANGUAGE_STANDARD = "gnu++0x";
				CLANG_CXX_LIBRARY = "libc++";
				CLANG_ENABLE_MODULES = YES;
				CLANG_ENABLE_OBJC_ARC = YES;
				CLANG_WARN_BOOL_CONVERSION = YES;
				CLANG_WARN_CONSTANT_CONVERSION = YES;
				CLANG_WARN_DIRECT_OBJC_ISA_USAGE = YES_ERROR;
				CLANG_WARN_DOCUMENTATION_COMMENTS = YES;
				CLANG_WARN_EMPTY_BODY = YES;
				CLANG_WARN_ENUM_CONVERSION = YES;
				CLANG_WARN_INFINITE_RECURSION = YES;
				CLANG_WARN_INT_CONVERSION = YES;
				CLANG_WARN_OBJC_ROOT_CLASS = YES_ERROR;
				CLANG_WARN_SUSPICIOUS_MOVE = YES;
				CLANG_WARN_UNREACHABLE_CODE = YES;
				CLANG_WARN__DUPLICATE_METHOD_MATCH = YES;
				"CODE_SIGN_IDENTITY[sdk=iphoneos*]" = "iPhone Developer";
				COPY_PHASE_STRIP = NO;
				DEBUG_INFORMATION_FORMAT = "dwarf-with-dsym";
				ENABLE_NS_ASSERTIONS = NO;
				ENABLE_STRICT_OBJC_MSGSEND = YES;
				GCC_C_LANGUAGE_STANDARD = gnu99;
				GCC_NO_COMMON_BLOCKS = YES;
				GCC_WARN_64_TO_32_BIT_CONVERSION = YES;
				GCC_WARN_ABOUT_RETURN_TYPE = YES_ERROR;
				GCC_WARN_UNDECLARED_SELECTOR = YES;
				GCC_WARN_UNINITIALIZED_AUTOS = YES_AGGRESSIVE;
				GCC_WARN_UNUSED_FUNCTION = YES;
				GCC_WARN_UNUSED_VARIABLE = YES;
				IPHONEOS_DEPLOYMENT_TARGET = 10.2;
				MTL_ENABLE_DEBUG_INFO = NO;
				SDKROOT = iphoneos;
				VALIDATE_PRODUCT = YES;
			};
			name = Release;
		};
		750E14741E51DB780057E0D0 /* Debug */ = {
			isa = XCBuildConfiguration;
			buildSettings = {
				ASSETCATALOG_COMPILER_APPICON_NAME = AppIcon;
				FRAMEWORK_SEARCH_PATHS = (
					"$(inherited)",
					"$(PROJECT_DIR)",
				);
				INFOPLIST_FILE = TCMaskCustomization/Info.plist;
				LD_RUNPATH_SEARCH_PATHS = "$(inherited) @executable_path/Frameworks";
				PRODUCT_BUNDLE_IDENTIFIER = com.TinyCrayon.TCMaskCustomization;
				PRODUCT_NAME = "$(TARGET_NAME)";
			};
			name = Debug;
		};
		750E14751E51DB780057E0D0 /* Release */ = {
			isa = XCBuildConfiguration;
			buildSettings = {
				ASSETCATALOG_COMPILER_APPICON_NAME = AppIcon;
				FRAMEWORK_SEARCH_PATHS = (
					"$(inherited)",
					"$(PROJECT_DIR)",
				);
				INFOPLIST_FILE = TCMaskCustomization/Info.plist;
				LD_RUNPATH_SEARCH_PATHS = "$(inherited) @executable_path/Frameworks";
				PRODUCT_BUNDLE_IDENTIFIER = com.TinyCrayon.TCMaskCustomization;
				PRODUCT_NAME = "$(TARGET_NAME)";
			};
			name = Release;
		};
/* End XCBuildConfiguration section */

/* Begin XCConfigurationList section */
		750E14571E51DB780057E0D0 /* Build configuration list for PBXProject "TCMaskCustomization" */ = {
			isa = XCConfigurationList;
			buildConfigurations = (
				750E14711E51DB780057E0D0 /* Debug */,
				750E14721E51DB780057E0D0 /* Release */,
			);
			defaultConfigurationIsVisible = 0;
			defaultConfigurationName = Release;
		};
		750E14731E51DB780057E0D0 /* Build configuration list for PBXNativeTarget "TCMaskCustomization" */ = {
			isa = XCConfigurationList;
			buildConfigurations = (
				750E14741E51DB780057E0D0 /* Debug */,
				750E14751E51DB780057E0D0 /* Release */,
			);
			defaultConfigurationIsVisible = 0;
			defaultConfigurationName = Release;
		};
/* End XCConfigurationList section */
	};
	rootObject = 750E14541E51DB780057E0D0 /* Project object */;
}
