// !$*UTF8*$!
{
	archiveVersion = 1;
	classes = {
	};
	objectVersion = 46;
	objects = {

/* Begin PBXBuildFile section */
		750E14331E51B3860057E0D0 /* main.m in Sources */ = {isa = PBXBuildFile; fileRef = 750E14321E51B3860057E0D0 /* main.m */; };
		750E14361E51B3860057E0D0 /* AppDelegate.m in Sources */ = {isa = PBXBuildFile; fileRef = 750E14351E51B3860057E0D0 /* AppDelegate.m */; };
		750E14391E51B3860057E0D0 /* ViewController.m in Sources */ = {isa = PBXBuildFile; fileRef = 750E14381E51B3860057E0D0 /* ViewController.m */; };
		750E143C1E51B3860057E0D0 /* Main.storyboard in Resources */ = {isa = PBXBuildFile; fileRef = 750E143A1E51B3860057E0D0 /* Main.storyboard */; };
		750E143E1E51B3860057E0D0 /* Assets.xcassets in Resources */ = {isa = PBXBuildFile; fileRef = 750E143D1E51B3860057E0D0 /* Assets.xcassets */; };
		750E14411E51B3860057E0D0 /* LaunchScreen.storyboard in Resources */ = {isa = PBXBuildFile; fileRef = 750E143F1E51B3860057E0D0 /* LaunchScreen.storyboard */; };
/* End PBXBuildFile section */

/* Begin PBXCopyFilesBuildPhase section */
		75B5CA8C1FB36FCF00E078C0 /* Embed Frameworks */ = {
			isa = PBXCopyFilesBuildPhase;
			buildActionMask = 2147483647;
			dstPath = "";
			dstSubfolderSpec = 10;
			files = (
			);
			name = "Embed Frameworks";
			runOnlyForDeploymentPostprocessing = 0;
		};
/* End PBXCopyFilesBuildPhase section */

/* Begin PBXFileReference section */
		750E142E1E51B3860057E0D0 /* TCMaskBlendExample.app */ = {isa = PBXFileReference; explicitFileType = wrapper.application; includeInIndex = 0; path = TCMaskBlendExample.app; sourceTree = BUILT_PRODUCTS_DIR; };
		750E14321E51B3860057E0D0 /* main.m */ = {isa = PBXFileReference; lastKnownFileType = sourcecode.c.objc; path = main.m; sourceTree = "<group>"; };
		750E14341E51B3860057E0D0 /* AppDelegate.h */ = {isa = PBXFileReference; lastKnownFileType = sourcecode.c.h; path = AppDelegate.h; sourceTree = "<group>"; };
		750E14351E51B3860057E0D0 /* AppDelegate.m */ = {isa = PBXFileReference; lastKnownFileType = sourcecode.c.objc; path = AppDelegate.m; sourceTree = "<group>"; };
		750E14371E51B3860057E0D0 /* ViewController.h */ = {isa = PBXFileReference; lastKnownFileType = sourcecode.c.h; path = ViewController.h; sourceTree = "<group>"; };
		750E14381E51B3860057E0D0 /* ViewController.m */ = {isa = PBXFileReference; lastKnownFileType = sourcecode.c.objc; path = ViewController.m; sourceTree = "<group>"; };
		750E143B1E51B3860057E0D0 /* Base */ = {isa = PBXFileReference; lastKnownFileType = file.storyboard; name = Base; path = Base.lproj/Main.storyboard; sourceTree = "<group>"; };
		750E143D1E51B3860057E0D0 /* Assets.xcassets */ = {isa = PBXFileReference; lastKnownFileType = folder.assetcatalog; path = Assets.xcassets; sourceTree = "<group>"; };
		750E14401E51B3860057E0D0 /* Base */ = {isa = PBXFileReference; lastKnownFileType = file.storyboard; name = Base; path = Base.lproj/LaunchScreen.storyboard; sourceTree = "<group>"; };
		750E14421E51B3860057E0D0 /* Info.plist */ = {isa = PBXFileReference; lastKnownFileType = text.plist.xml; path = Info.plist; sourceTree = "<group>"; };
/* End PBXFileReference section */

/* Begin PBXFrameworksBuildPhase section */
		750E142B1E51B3860057E0D0 /* Frameworks */ = {
			isa = PBXFrameworksBuildPhase;
			buildActionMask = 2147483647;
			files = (
			);
			runOnlyForDeploymentPostprocessing = 0;
		};
/* End PBXFrameworksBuildPhase section */

/* Begin PBXGroup section */
		750E14251E51B3860057E0D0 = {
			isa = PBXGroup;
			children = (
				750E14301E51B3860057E0D0 /* TCMaskBlendExample */,
				750E142F1E51B3860057E0D0 /* Products */,
			);
			sourceTree = "<group>";
		};
		750E142F1E51B3860057E0D0 /* Products */ = {
			isa = PBXGroup;
			children = (
				750E142E1E51B3860057E0D0 /* TCMaskBlendExample.app */,
			);
			name = Products;
			sourceTree = "<group>";
		};
		750E14301E51B3860057E0D0 /* TCMaskBlendExample */ = {
			isa = PBXGroup;
			children = (
				750E14341E51B3860057E0D0 /* AppDelegate.h */,
				750E14351E51B3860057E0D0 /* AppDelegate.m */,
				750E14371E51B3860057E0D0 /* ViewController.h */,
				750E14381E51B3860057E0D0 /* ViewController.m */,
				750E143A1E51B3860057E0D0 /* Main.storyboard */,
				750E143D1E51B3860057E0D0 /* Assets.xcassets */,
				750E143F1E51B3860057E0D0 /* LaunchScreen.storyboard */,
				750E14421E51B3860057E0D0 /* Info.plist */,
				750E14311E51B3860057E0D0 /* Supporting Files */,
			);
			path = TCMaskBlendExample;
			sourceTree = "<group>";
		};
		750E14311E51B3860057E0D0 /* Supporting Files */ = {
			isa = PBXGroup;
			children = (
				750E14321E51B3860057E0D0 /* main.m */,
			);
			name = "Supporting Files";
			sourceTree = "<group>";
		};
/* End PBXGroup section */

/* Begin PBXNativeTarget section */
		750E142D1E51B3860057E0D0 /* TCMaskBlendExample */ = {
			isa = PBXNativeTarget;
			buildConfigurationList = 750E14451E51B3860057E0D0 /* Build configuration list for PBXNativeTarget "TCMaskBlendExample" */;
			buildPhases = (
				750E142A1E51B3860057E0D0 /* Sources */,
				750E142B1E51B3860057E0D0 /* Frameworks */,
				750E142C1E51B3860057E0D0 /* Resources */,
				75B5CA8C1FB36FCF00E078C0 /* Embed Frameworks */,
			);
			buildRules = (
			);
			dependencies = (
			);
			name = TCMaskBlendExample;
			productName = TCMaskBlendExample;
			productReference = 750E142E1E51B3860057E0D0 /* TCMaskBlendExample.app */;
			productType = "com.apple.product-type.application";
		};
/* End PBXNativeTarget section */

/* Begin PBXProject section */
		750E14261E51B3860057E0D0 /* Project object */ = {
			isa = PBXProject;
			attributes = {
				LastUpgradeCheck = 0910;
				ORGANIZATIONNAME = TinyCrayon;
				TargetAttributes = {
					750E142D1E51B3860057E0D0 = {
						CreatedOnToolsVersion = 8.2.1;
						ProvisioningStyle = Automatic;
					};
				};
			};
			buildConfigurationList = 750E14291E51B3860057E0D0 /* Build configuration list for PBXProject "TCMaskBlendExample" */;
			compatibilityVersion = "Xcode 3.2";
			developmentRegion = English;
			hasScannedForEncodings = 0;
			knownRegions = (
				en,
				Base,
			);
			mainGroup = 750E14251E51B3860057E0D0;
			productRefGroup = 750E142F1E51B3860057E0D0 /* Products */;
			projectDirPath = "";
			projectRoot = "";
			targets = (
				750E142D1E51B3860057E0D0 /* TCMaskBlendExample */,
			);
		};
/* End PBXProject section */

/* Begin PBXResourcesBuildPhase section */
		750E142C1E51B3860057E0D0 /* Resources */ = {
			isa = PBXResourcesBuildPhase;
			buildActionMask = 2147483647;
			files = (
				750E14411E51B3860057E0D0 /* LaunchScreen.storyboard in Resources */,
				750E143E1E51B3860057E0D0 /* Assets.xcassets in Resources */,
				750E143C1E51B3860057E0D0 /* Main.storyboard in Resources */,
			);
			runOnlyForDeploymentPostprocessing = 0;
		};
/* End PBXResourcesBuildPhase section */

/* Begin PBXSourcesBuildPhase section */
		750E142A1E51B3860057E0D0 /* Sources */ = {
			isa = PBXSourcesBuildPhase;
			buildActionMask = 2147483647;
			files = (
				750E14391E51B3860057E0D0 /* ViewController.m in Sources */,
				750E14361E51B3860057E0D0 /* AppDelegate.m in Sources */,
				750E14331E51B3860057E0D0 /* main.m in Sources */,
			);
			runOnlyForDeploymentPostprocessing = 0;
		};
/* End PBXSourcesBuildPhase section */

/* Begin PBXVariantGroup section */
		750E143A1E51B3860057E0D0 /* Main.storyboard */ = {
			isa = PBXVariantGroup;
			children = (
				750E143B1E51B3860057E0D0 /* Base */,
			);
			name = Main.storyboard;
			sourceTree = "<group>";
		};
		750E143F1E51B3860057E0D0 /* LaunchScreen.storyboard */ = {
			isa = PBXVariantGroup;
			children = (
				750E14401E51B3860057E0D0 /* Base */,
			);
			name = LaunchScreen.storyboard;
			sourceTree = "<group>";
		};
/* End PBXVariantGroup section */

/* Begin XCBuildConfiguration section */
		750E14431E51B3860057E0D0 /* Debug */ = {
			isa = XCBuildConfiguration;
			buildSettings = {
				ALWAYS_SEARCH_USER_PATHS = NO;
				CLANG_ANALYZER_NONNULL = YES;
				CLANG_CXX_LANGUAGE_STANDARD = "gnu++0x";
				CLANG_CXX_LIBRARY = "libc++";
				CLANG_ENABLE_MODULES = YES;
				CLANG_ENABLE_OBJC_ARC = YES;
				CLANG_WARN_BLOCK_CAPTURE_AUTORELEASING = YES;
				CLANG_WARN_BOOL_CONVERSION = YES;
				CLANG_WARN_COMMA = YES;
				CLANG_WARN_CONSTANT_CONVERSION = YES;
				CLANG_WARN_DIRECT_OBJC_ISA_USAGE = YES_ERROR;
				CLANG_WARN_DOCUMENTATION_COMMENTS = YES;
				CLANG_WARN_EMPTY_BODY = YES;
				CLANG_WARN_ENUM_CONVERSION = YES;
				CLANG_WARN_INFINITE_RECURSION = YES;
				CLANG_WARN_INT_CONVERSION = YES;
				CLANG_WARN_NON_LITERAL_NULL_CONVERSION = YES;
				CLANG_WARN_OBJC_LITERAL_CONVERSION = YES;
				CLANG_WARN_OBJC_ROOT_CLASS = YES_ERROR;
				CLANG_WARN_RANGE_LOOP_ANALYSIS = YES;
				CLANG_WARN_STRICT_PROTOTYPES = YES;
				CLANG_WARN_SUSPICIOUS_MOVE = YES;
				CLANG_WARN_UNREACHABLE_CODE = YES;
				CLANG_WARN__DUPLICATE_METHOD_MATCH = YES;
				"CODE_SIGN_IDENTITY[sdk=iphoneos*]" = "iPhone Developer";
				COPY_PHASE_STRIP = NO;
				DEBUG_INFORMATION_FORMAT = dwarf;
				ENABLE_STRICT_OBJC_MSGSEND = YES;
				ENABLE_TESTABILITY = YES;
				GCC_C_LANGUAGE_STANDARD = gnu99;
				GCC_DYNAMIC_NO_PIC = NO;
				GCC_NO_COMMON_BLOCKS = YES;
				GCC_OPTIMIZATION_LEVEL = 0;
				GCC_PREPROCESSOR_DEFINITIONS = (
					"DEBUG=1",
					"$(inherited)",
				);
				GCC_WARN_64_TO_32_BIT_CONVERSION = YES;
				GCC_WARN_ABOUT_RETURN_TYPE = YES_ERROR;
				GCC_WARN_UNDECLARED_SELECTOR = YES;
				GCC_WARN_UNINITIALIZED_AUTOS = YES_AGGRESSIVE;
				GCC_WARN_UNUSED_FUNCTION = YES;
				GCC_WARN_UNUSED_VARIABLE = YES;
				IPHONEOS_DEPLOYMENT_TARGET = 10.2;
				MTL_ENABLE_DEBUG_INFO = YES;
				ONLY_ACTIVE_ARCH = YES;
				SDKROOT = iphoneos;
			};
			name = Debug;
		};
		750E14441E51B3860057E0D0 /* Release */ = {
			isa = XCBuildConfiguration;
			buildSettings = {
				ALWAYS_SEARCH_USER_PATHS = NO;
				CLANG_ANALYZER_NONNULL = YES;
				CLANG_CXX_LANGUAGE_STANDARD = "gnu++0x";
				CLANG_CXX_LIBRARY = "libc++";
				CLANG_ENABLE_MODULES = YES;
				CLANG_ENABLE_OBJC_ARC = YES;
				CLANG_WARN_BLOCK_CAPTURE_AUTORELEASING = YES;
				CLANG_WARN_BOOL_CONVERSION = YES;
				CLANG_WARN_COMMA = YES;
				CLANG_WARN_CONSTANT_CONVERSION = YES;
				CLANG_WARN_DIRECT_OBJC_ISA_USAGE = YES_ERROR;
				CLANG_WARN_DOCUMENTATION_COMMENTS = YES;
				CLANG_WARN_EMPTY_BODY = YES;
				CLANG_WARN_ENUM_CONVERSION = YES;
				CLANG_WARN_INFINITE_RECURSION = YES;
				CLANG_WARN_INT_CONVERSION = YES;
				CLANG_WARN_NON_LITERAL_NULL_CONVERSION = YES;
				CLANG_WARN_OBJC_LITERAL_CONVERSION = YES;
				CLANG_WARN_OBJC_ROOT_CLASS = YES_ERROR;
				CLANG_WARN_RANGE_LOOP_ANALYSIS = YES;
				CLANG_WARN_STRICT_PROTOTYPES = YES;
				CLANG_WARN_SUSPICIOUS_MOVE = YES;
				CLANG_WARN_UNREACHABLE_CODE = YES;
				CLANG_WARN__DUPLICATE_METHOD_MATCH = YES;
				"CODE_SIGN_IDENTITY[sdk=iphoneos*]" = "iPhone Developer";
				COPY_PHASE_STRIP = NO;
				DEBUG_INFORMATION_FORMAT = "dwarf-with-dsym";
				ENABLE_NS_ASSERTIONS = NO;
				ENABLE_STRICT_OBJC_MSGSEND = YES;
				GCC_C_LANGUAGE_STANDARD = gnu99;
				GCC_NO_COMMON_BLOCKS = YES;
				GCC_WARN_64_TO_32_BIT_CONVERSION = YES;
				GCC_WARN_ABOUT_RETURN_TYPE = YES_ERROR;
				GCC_WARN_UNDECLARED_SELECTOR = YES;
				GCC_WARN_UNINITIALIZED_AUTOS = YES_AGGRESSIVE;
				GCC_WARN_UNUSED_FUNCTION = YES;
				GCC_WARN_UNUSED_VARIABLE = YES;
				IPHONEOS_DEPLOYMENT_TARGET = 10.2;
				MTL_ENABLE_DEBUG_INFO = NO;
				SDKROOT = iphoneos;
				VALIDATE_PRODUCT = YES;
			};
			name = Release;
		};
		750E14461E51B3860057E0D0 /* Debug */ = {
			isa = XCBuildConfiguration;
			buildSettings = {
				ALWAYS_EMBED_SWIFT_STANDARD_LIBRARIES = YES;
				ASSETCATALOG_COMPILER_APPICON_NAME = AppIcon;
				FRAMEWORK_SEARCH_PATHS = (
					"$(inherited)",
					"$(PROJECT_DIR)/TCMaskBlendExample",
					"$(PROJECT_DIR)",
				);
				INFOPLIST_FILE = TCMaskBlendExample/Info.plist;
				LD_RUNPATH_SEARCH_PATHS = "$(inherited) @executable_path/Frameworks";
				PRODUCT_BUNDLE_IDENTIFIER = com.TinyCrayon.TCMaskBlendExample;
				PRODUCT_NAME = "$(TARGET_NAME)";
			};
			name = Debug;
		};
		750E14471E51B3860057E0D0 /* Release */ = {
			isa = XCBuildConfiguration;
			buildSettings = {
				ALWAYS_EMBED_SWIFT_STANDARD_LIBRARIES = YES;
				ASSETCATALOG_COMPILER_APPICON_NAME = AppIcon;
				FRAMEWORK_SEARCH_PATHS = (
					"$(inherited)",
					"$(PROJECT_DIR)/TCMaskBlendExample",
					"$(PROJECT_DIR)",
				);
				INFOPLIST_FILE = TCMaskBlendExample/Info.plist;
				LD_RUNPATH_SEARCH_PATHS = "$(inherited) @executable_path/Frameworks";
				PRODUCT_BUNDLE_IDENTIFIER = com.TinyCrayon.TCMaskBlendExample;
				PRODUCT_NAME = "$(TARGET_NAME)";
			};
			name = Release;
		};
/* End XCBuildConfiguration section */

/* Begin XCConfigurationList section */
		750E14291E51B3860057E0D0 /* Build configuration list for PBXProject "TCMaskBlendExample" */ = {
			isa = XCConfigurationList;
			buildConfigurations = (
				750E14431E51B3860057E0D0 /* Debug */,
				750E14441E51B3860057E0D0 /* Release */,
			);
			defaultConfigurationIsVisible = 0;
			defaultConfigurationName = Release;
		};
		750E14451E51B3860057E0D0 /* Build configuration list for PBXNativeTarget "TCMaskBlendExample" */ = {
			isa = XCConfigurationList;
			buildConfigurations = (
				750E14461E51B3860057E0D0 /* Debug */,
				750E14471E51B3860057E0D0 /* Release */,
			);
			defaultConfigurationIsVisible = 0;
			defaultConfigurationName = Release;
		};
/* End XCConfigurationList section */
	};
	rootObject = 750E14261E51B3860057E0D0 /* Project object */;
}
