// !$*UTF8*$!
{
	archiveVersion = 1;
	classes = {
	};
	objectVersion = 46;
	objects = {

/* Begin PBXBuildFile section */
		75C7855A1E3B38E100225911 /* AppDelegate.swift in Sources */ = {isa = PBXBuildFile; fileRef = 75C785591E3B38E100225911 /* AppDelegate.swift */; };
		75C7855C1E3B38E100225911 /* ViewController.swift in Sources */ = {isa = PBXBuildFile; fileRef = 75C7855B1E3B38E100225911 /* ViewController.swift */; };
		75C7855F1E3B38E100225911 /* Main.storyboard in Resources */ = {isa = PBXBuildFile; fileRef = 75C7855D1E3B38E100225911 /* Main.storyboard */; };
		75C785611E3B38E100225911 /* Assets.xcassets in Resources */ = {isa = PBXBuildFile; fileRef = 75C785601E3B38E100225911 /* Assets.xcassets */; };
		75C785641E3B38E100225911 /* LaunchScreen.storyboard in Resources */ = {isa = PBXBuildFile; fileRef = 75C785621E3B38E100225911 /* LaunchScreen.storyboard */; };
/* End PBXBuildFile section */

/* Begin PBXFileReference section */
		75C785561E3B38E100225911 /* TCMaskBlendExample.app */ = {isa = PBXFileReference; explicitFileType = wrapper.application; includeInIndex = 0; path = TCMaskBlendExample.app; sourceTree = BUILT_PRODUCTS_DIR; };
		75C785591E3B38E100225911 /* AppDelegate.swift */ = {isa = PBXFileReference; lastKnownFileType = sourcecode.swift; path = AppDelegate.swift; sourceTree = "<group>"; };
		75C7855B1E3B38E100225911 /* ViewController.swift */ = {isa = PBXFileReference; lastKnownFileType = sourcecode.swift; path = ViewController.swift; sourceTree = "<group>"; };
		75C7855E1E3B38E100225911 /* Base */ = {isa = PBXFileReference; lastKnownFileType = file.storyboard; name = Base; path = Base.lproj/Main.storyboard; sourceTree = "<group>"; };
		75C785601E3B38E100225911 /* Assets.xcassets */ = {isa = PBXFileReference; lastKnownFileType = folder.assetcatalog; path = Assets.xcassets; sourceTree = "<group>"; };
		75C785631E3B38E100225911 /* Base */ = {isa = PBXFileReference; lastKnownFileType = file.storyboard; name = Base; path = Base.lproj/LaunchScreen.storyboard; sourceTree = "<group>"; };
		75C785651E3B38E100225911 /* Info.plist */ = {isa = PBXFileReference; lastKnownFileType = text.plist.xml; path = Info.plist; sourceTree = "<group>"; };
/* End PBXFileReference section */

/* Begin PBXFrameworksBuildPhase section */
		75C785531E3B38E100225911 /* Frameworks */ = {
			isa = PBXFrameworksBuildPhase;
			buildActionMask = 2147483647;
			files = (
			);
			runOnlyForDeploymentPostprocessing = 0;
		};
/* End PBXFrameworksBuildPhase section */

/* Begin PBXGroup section */
		75C7854D1E3B38E100225911 = {
			isa = PBXGroup;
			children = (
				75C785581E3B38E100225911 /* TCMaskBlendExample */,
				75C785571E3B38E100225911 /* Products */,
			);
			sourceTree = "<group>";
		};
		75C785571E3B38E100225911 /* Products */ = {
			isa = PBXGroup;
			children = (
				75C785561E3B38E100225911 /* TCMaskBlendExample.app */,
			);
			name = Products;
			sourceTree = "<group>";
		};
		75C785581E3B38E100225911 /* TCMaskBlendExample */ = {
			isa = PBXGroup;
			children = (
				75C785591E3B38E100225911 /* AppDelegate.swift */,
				75C7855B1E3B38E100225911 /* ViewController.swift */,
				75C7855D1E3B38E100225911 /* Main.storyboard */,
				75C785601E3B38E100225911 /* Assets.xcassets */,
				75C785621E3B38E100225911 /* LaunchScreen.storyboard */,
				75C785651E3B38E100225911 /* Info.plist */,
			);
			path = TCMaskBlendExample;
			sourceTree = "<group>";
		};
/* End PBXGroup section */

/* Begin PBXNativeTarget section */
		75C785551E3B38E100225911 /* TCMaskBlendExample */ = {
			isa = PBXNativeTarget;
			buildConfigurationList = 75C785681E3B38E100225911 /* Build configuration list for PBXNativeTarget "TCMaskBlendExample" */;
			buildPhases = (
				75C785521E3B38E100225911 /* Sources */,
				75C785531E3B38E100225911 /* Frameworks */,
				75C785541E3B38E100225911 /* Resources */,
			);
			buildRules = (
			);
			dependencies = (
			);
			name = TCMaskBlendExample;
			productName = TCMaskBlendExample;
			productReference = 75C785561E3B38E100225911 /* TCMaskBlendExample.app */;
			productType = "com.apple.product-type.application";
		};
/* End PBXNativeTarget section */

/* Begin PBXProject section */
		75C7854E1E3B38E100225911 /* Project object */ = {
			isa = PBXProject;
			attributes = {
				LastSwiftUpdateCheck = 0820;
				LastUpgradeCheck = 0820;
				ORGANIZATIONNAME = TinyCrayon;
				TargetAttributes = {
					75C785551E3B38E100225911 = {
						CreatedOnToolsVersion = 8.2.1;
						ProvisioningStyle = Automatic;
					};
				};
			};
			buildConfigurationList = 75C785511E3B38E100225911 /* Build configuration list for PBXProject "TCMaskBlendExample" */;
			compatibilityVersion = "Xcode 3.2";
			developmentRegion = English;
			hasScannedForEncodings = 0;
			knownRegions = (
				en,
				Base,
			);
			mainGroup = 75C7854D1E3B38E100225911;
			productRefGroup = 75C785571E3B38E100225911 /* Products */;
			projectDirPath = "";
			projectRoot = "";
			targets = (
				75C785551E3B38E100225911 /* TCMaskBlendExample */,
			);
		};
/* End PBXProject section */

/* Begin PBXResourcesBuildPhase section */
		75C785541E3B38E100225911 /* Resources */ = {
			isa = PBXResourcesBuildPhase;
			buildActionMask = 2147483647;
			files = (
				75C785641E3B38E100225911 /* LaunchScreen.storyboard in Resources */,
				75C785611E3B38E100225911 /* Assets.xcassets in Resources */,
				75C7855F1E3B38E100225911 /* Main.storyboard in Resources */,
			);
			runOnlyForDeploymentPostprocessing = 0;
		};
/* End PBXResourcesBuildPhase section */

/* Begin PBXSourcesBuildPhase section */
		75C785521E3B38E100225911 /* Sources */ = {
			isa = PBXSourcesBuildPhase;
			buildActionMask = 2147483647;
			files = (
				75C7855C1E3B38E100225911 /* ViewController.swift in Sources */,
				75C7855A1E3B38E100225911 /* AppDelegate.swift in Sources */,
			);
			runOnlyForDeploymentPostprocessing = 0;
		};
/* End PBXSourcesBuildPhase section */

/* Begin PBXVariantGroup section */
		75C7855D1E3B38E100225911 /* Main.storyboard */ = {
			isa = PBXVariantGroup;
			children = (
				75C7855E1E3B38E100225911 /* Base */,
			);
			name = Main.storyboard;
			sourceTree = "<group>";
		};
		75C785621E3B38E100225911 /* LaunchScreen.storyboard */ = {
			isa = PBXVariantGroup;
			children = (
				75C785631E3B38E100225911 /* Base */,
			);
			name = LaunchScreen.storyboard;
			sourceTree = "<group>";
		};
/* End PBXVariantGroup section */

/* Begin XCBuildConfiguration section */
		75C785661E3B38E100225911 /* Debug */ = {
			isa = XCBuildConfiguration;
			buildSettings = {
				ALWAYS_SEARCH_USER_PATHS = NO;
				CLANG_ANALYZER_NONNULL = YES;
				CLANG_CXX_LANGUAGE_STANDARD = "gnu++0x";
				CLANG_CXX_LIBRARY = "libc++";
				CLANG_ENABLE_MODULES = YES;
				CLANG_ENABLE_OBJC_ARC = YES;
				CLANG_WARN_BOOL_CONVERSION = YES;
				CLANG_WARN_CONSTANT_CONVERSION = YES;
				CLANG_WARN_DIRECT_OBJC_ISA_USAGE = YES_ERROR;
				CLANG_WARN_DOCUMENTATION_COMMENTS = YES;
				CLANG_WARN_EMPTY_BODY = YES;
				CLANG_WARN_ENUM_CONVERSION = YES;
				CLANG_WARN_INFINITE_RECURSION = YES;
				CLANG_WARN_INT_CONVERSION = YES;
				CLANG_WARN_OBJC_ROOT_CLASS = YES_ERROR;
				CLANG_WARN_SUSPICIOUS_MOVE = YES;
				CLANG_WARN_UNREACHABLE_CODE = YES;
				CLANG_WARN__DUPLICATE_METHOD_MATCH = YES;
				"CODE_SIGN_IDENTITY[sdk=iphoneos*]" = "iPhone Developer";
				COPY_PHASE_STRIP = NO;
				DEBUG_INFORMATION_FORMAT = dwarf;
				ENABLE_STRICT_OBJC_MSGSEND = YES;
				ENABLE_TESTABILITY = YES;
				GCC_C_LANGUAGE_STANDARD = gnu99;
				GCC_DYNAMIC_NO_PIC = NO;
				GCC_NO_COMMON_BLOCKS = YES;
				GCC_OPTIMIZATION_LEVEL = 0;
				GCC_PREPROCESSOR_DEFINITIONS = (
					"DEBUG=1",
					"$(inherited)",
				);
				GCC_WARN_64_TO_32_BIT_CONVERSION = YES;
				GCC_WARN_ABOUT_RETURN_TYPE = YES_ERROR;
				GCC_WARN_UNDECLARED_SELECTOR = YES;
				GCC_WARN_UNINITIALIZED_AUTOS = YES_AGGRESSIVE;
				GCC_WARN_UNUSED_FUNCTION = YES;
				GCC_WARN_UNUSED_VARIABLE = YES;
				IPHONEOS_DEPLOYMENT_TARGET = 10.2;
				MTL_ENABLE_DEBUG_INFO = YES;
				ONLY_ACTIVE_ARCH = YES;
				SDKROOT = iphoneos;
				SWIFT_ACTIVE_COMPILATION_CONDITIONS = DEBUG;
				SWIFT_OPTIMIZATION_LEVEL = "-Onone";
			};
			name = Debug;
		};
		75C785671E3B38E100225911 /* Release */ = {
			isa = XCBuildConfiguration;
			buildSettings = {
				ALWAYS_SEARCH_USER_PATHS = NO;
				CLANG_ANALYZER_NONNULL = YES;
				CLANG_CXX_LANGUAGE_STANDARD = "gnu++0x";
				CLANG_CXX_LIBRARY = "libc++";
				CLANG_ENABLE_MODULES = YES;
				CLANG_ENABLE_OBJC_ARC = YES;
				CLANG_WARN_BOOL_CONVERSION = YES;
				CLANG_WARN_CONSTANT_CONVERSION = YES;
				CLANG_WARN_DIRECT_OBJC_ISA_USAGE = YES_ERROR;
				CLANG_WARN_DOCUMENTATION_COMMENTS = YES;
				CLANG_WARN_EMPTY_BODY = YES;
				CLANG_WARN_ENUM_CONVERSION = YES;
				CLANG_WARN_INFINITE_RECURSION = YES;
				CLANG_WARN_INT_CONVERSION = YES;
				CLANG_WARN_OBJC_ROOT_CLASS = YES_ERROR;
				CLANG_WARN_SUSPICIOUS_MOVE = YES;
				CLANG_WARN_UNREACHABLE_CODE = YES;
				CLANG_WARN__DUPLICATE_METHOD_MATCH = YES;
				"CODE_SIGN_IDENTITY[sdk=iphoneos*]" = "iPhone Developer";
				COPY_PHASE_STRIP = NO;
				DEBUG_INFORMATION_FORMAT = "dwarf-with-dsym";
				ENABLE_NS_ASSERTIONS = NO;
				ENABLE_STRICT_OBJC_MSGSEND = YES;
				GCC_C_LANGUAGE_STANDARD = gnu99;
				GCC_NO_COMMON_BLOCKS = YES;
				GCC_WARN_64_TO_32_BIT_CONVERSION = YES;
				GCC_WARN_ABOUT_RETURN_TYPE = YES_ERROR;
				GCC_WARN_UNDECLARED_SELECTOR = YES;
				GCC_WARN_UNINITIALIZED_AUTOS = YES_AGGRESSIVE;
				GCC_WARN_UNUSED_FUNCTION = YES;
				GCC_WARN_UNUSED_VARIABLE = YES;
				IPHONEOS_DEPLOYMENT_TARGET = 10.2;
				MTL_ENABLE_DEBUG_INFO = NO;
				SDKROOT = iphoneos;
				SWIFT_OPTIMIZATION_LEVEL = "-Owholemodule";
				VALIDATE_PRODUCT = YES;
			};
			name = Release;
		};
		75C785691E3B38E100225911 /* Debug */ = {
			isa = XCBuildConfiguration;
			buildSettings = {
				ASSETCATALOG_COMPILER_APPICON_NAME = AppIcon;
				FRAMEWORK_SEARCH_PATHS = (
					"$(inherited)",
					"$(PROJECT_DIR)",
				);
				INFOPLIST_FILE = TCMaskBlendExample/Info.plist;
				LD_RUNPATH_SEARCH_PATHS = "$(inherited) @executable_path/Frameworks";
				PRODUCT_BUNDLE_IDENTIFIER = com.TinyCrayon.TCMaskBlendExample;
				PRODUCT_NAME = "$(TARGET_NAME)";
				SWIFT_VERSION = 3.0;
			};
			name = Debug;
		};
		75C7856A1E3B38E100225911 /* Release */ = {
			isa = XCBuildConfiguration;
			buildSettings = {
				ASSETCATALOG_COMPILER_APPICON_NAME = AppIcon;
				FRAMEWORK_SEARCH_PATHS = (
					"$(inherited)",
					"$(PROJECT_DIR)",
				);
				INFOPLIST_FILE = TCMaskBlendExample/Info.plist;
				LD_RUNPATH_SEARCH_PATHS = "$(inherited) @executable_path/Frameworks";
				PRODUCT_BUNDLE_IDENTIFIER = com.TinyCrayon.TCMaskBlendExample;
				PRODUCT_NAME = "$(TARGET_NAME)";
				SWIFT_VERSION = 3.0;
			};
			name = Release;
		};
/* End XCBuildConfiguration section */

/* Begin XCConfigurationList section */
		75C785511E3B38E100225911 /* Build configuration list for PBXProject "TCMaskBlendExample" */ = {
			isa = XCConfigurationList;
			buildConfigurations = (
				75C785661E3B38E100225911 /* Debug */,
				75C785671E3B38E100225911 /* Release */,
			);
			defaultConfigurationIsVisible = 0;
			defaultConfigurationName = Release;
		};
		75C785681E3B38E100225911 /* Build configuration list for PBXNativeTarget "TCMaskBlendExample" */ = {
			isa = XCConfigurationList;
			buildConfigurations = (
				75C785691E3B38E100225911 /* Debug */,
				75C7856A1E3B38E100225911 /* Release */,
			);
			defaultConfigurationIsVisible = 0;
			defaultConfigurationName = Release;
		};
/* End XCConfigurationList section */
	};
	rootObject = 75C7854E1E3B38E100225911 /* Project object */;
}
