// !$*UTF8*$!
{
	archiveVersion = 1;
	classes = {
	};
	objectVersion = 46;
	objects = {

/* Begin PBXBuildFile section */
		7527FEAE270C8C7700710086 /* TCMask.framework in Frameworks */ = {isa = PBXBuildFile; fileRef = 7527FEAA270C8C7100710086 /* TCMask.framework */; };
		7527FEAF270C8C7700710086 /* TCMask.framework in Embed Frameworks */ = {isa = PBXBuildFile; fileRef = 7527FEAA270C8C7100710086 /* TCMask.framework */; settings = {ATTRIBUTES = (CodeSignOnCopy, RemoveHeadersOnCopy, ); }; };
		75570AC31E498E5F000C6481 /* main.m in Sources */ = {isa = PBXBuildFile; fileRef = 75570AC21E498E5F000C6481 /* main.m */; };
		75570AC61E498E5F000C6481 /* AppDelegate.m in Sources */ = {isa = PBXBuildFile; fileRef = 75570AC51E498E5F000C6481 /* AppDelegate.m */; };
		75570AC91E498E5F000C6481 /* ViewController.m in Sources */ = {isa = PBXBuildFile; fileRef = 75570AC81E498E5F000C6481 /* ViewController.m */; };
		75570ACC1E498E5F000C6481 /* Main.storyboard in Resources */ = {isa = PBXBuildFile; fileRef = 75570ACA1E498E5F000C6481 /* Main.storyboard */; };
		75570ACE1E498E5F000C6481 /* Assets.xcassets in Resources */ = {isa = PBXBuildFile; fileRef = 75570ACD1E498E5F000C6481 /* Assets.xcassets */; };
		75570AD11E498E5F000C6481 /* LaunchScreen.storyboard in Resources */ = {isa = PBXBuildFile; fileRef = 75570ACF1E498E5F000C6481 /* LaunchScreen.storyboard */; };
		75570AE81E49DE90000C6481 /* Balloon.JPEG in Resources */ = {isa = PBXBuildFile; fileRef = 75570AE71E49DE90000C6481 /* Balloon.JPEG */; };
/* End PBXBuildFile section */

/* Begin PBXContainerItemProxy section */
		7527FEA9270C8C7100710086 /* PBXContainerItemProxy */ = {
			isa = PBXContainerItemProxy;
			containerPortal = 7527FEA4270C8C7100710086 /* TinyCrayon.xcodeproj */;
			proxyType = 2;
			remoteGlobalIDString = 7527FDA6270BED5700710086;
			remoteInfo = TCMask;
		};
		7527FEAB270C8C7100710086 /* PBXContainerItemProxy */ = {
			isa = PBXContainerItemProxy;
			containerPortal = 7527FEA4270C8C7100710086 /* TinyCrayon.xcodeproj */;
			proxyType = 2;
			remoteGlobalIDString = 7527FDC5270BEEA700710086;
			remoteInfo = TCCore;
		};
/* End PBXContainerItemProxy section */

/* Begin PBXCopyFilesBuildPhase section */
		75570AE61E49DC22000C6481 /* Embed Frameworks */ = {
			isa = PBXCopyFilesBuildPhase;
			buildActionMask = 2147483647;
			dstPath = "";
			dstSubfolderSpec = 10;
			files = (
				7527FEAF270C8C7700710086 /* TCMask.framework in Embed Frameworks */,
			);
			name = "Embed Frameworks";
			runOnlyForDeploymentPostprocessing = 0;
		};
/* End PBXCopyFilesBuildPhase section */

/* Begin PBXFileReference section */
		7527FEA4270C8C7100710086 /* TinyCrayon.xcodeproj */ = {isa = PBXFileReference; lastKnownFileType = "wrapper.pb-project"; name = TinyCrayon.xcodeproj; path = ../../../TinyCrayon.xcodeproj; sourceTree = "<group>"; };
		75570ABE1E498E5F000C6481 /* TCMaskPopView.app */ = {isa = PBXFileReference; explicitFileType = wrapper.application; includeInIndex = 0; path = TCMaskPopView.app; sourceTree = BUILT_PRODUCTS_DIR; };
		75570AC21E498E5F000C6481 /* main.m */ = {isa = PBXFileReference; lastKnownFileType = sourcecode.c.objc; path = main.m; sourceTree = "<group>"; };
		75570AC41E498E5F000C6481 /* AppDelegate.h */ = {isa = PBXFileReference; lastKnownFileType = sourcecode.c.h; path = AppDelegate.h; sourceTree = "<group>"; };
		75570AC51E498E5F000C6481 /* AppDelegate.m */ = {isa = PBXFileReference; lastKnownFileType = sourcecode.c.objc; path = AppDelegate.m; sourceTree = "<group>"; };
		75570AC71E498E5F000C6481 /* ViewController.h */ = {isa = PBXFileReference; lastKnownFileType = sourcecode.c.h; path = ViewController.h; sourceTree = "<group>"; };
		75570AC81E498E5F000C6481 /* ViewController.m */ = {isa = PBXFileReference; lastKnownFileType = sourcecode.c.objc; path = ViewController.m; sourceTree = "<group>"; };
		75570ACB1E498E5F000C6481 /* Base */ = {isa = PBXFileReference; lastKnownFileType = file.storyboard; name = Base; path = Base.lproj/Main.storyboard; sourceTree = "<group>"; };
		75570ACD1E498E5F000C6481 /* Assets.xcassets */ = {isa = PBXFileReference; lastKnownFileType = folder.assetcatalog; path = Assets.xcassets; sourceTree = "<group>"; };
		75570AD01E498E5F000C6481 /* Base */ = {isa = PBXFileReference; lastKnownFileType = file.storyboard; name = Base; path = Base.lproj/LaunchScreen.storyboard; sourceTree = "<group>"; };
		75570AD21E498E5F000C6481 /* Info.plist */ = {isa = PBXFileReference; lastKnownFileType = text.plist.xml; path = Info.plist; sourceTree = "<group>"; };
		75570AE71E49DE90000C6481 /* Balloon.JPEG */ = {isa = PBXFileReference; lastKnownFileType = image.jpeg; path = Balloon.JPEG; sourceTree = "<group>"; };
/* End PBXFileReference section */

/* Begin PBXFrameworksBuildPhase section */
		75570ABB1E498E5F000C6481 /* Frameworks */ = {
			isa = PBXFrameworksBuildPhase;
			buildActionMask = 2147483647;
			files = (
				7527FEAE270C8C7700710086 /* TCMask.framework in Frameworks */,
			);
			runOnlyForDeploymentPostprocessing = 0;
		};
/* End PBXFrameworksBuildPhase section */

/* Begin PBXGroup section */
		7527FEA5270C8C7100710086 /* Products */ = {
			isa = PBXGroup;
			children = (
				7527FEAA270C8C7100710086 /* TCMask.framework */,
				7527FEAC270C8C7100710086 /* TCCore.framework */,
			);
			name = Products;
			sourceTree = "<group>";
		};
		7527FEAD270C8C7700710086 /* Frameworks */ = {
			isa = PBXGroup;
			children = (
			);
			name = Frameworks;
			sourceTree = "<group>";
		};
		75570AB51E498E5F000C6481 = {
			isa = PBXGroup;
			children = (
				7527FEA4270C8C7100710086 /* TinyCrayon.xcodeproj */,
				75570AC01E498E5F000C6481 /* TCMaskPopView */,
				75570ABF1E498E5F000C6481 /* Products */,
				7527FEAD270C8C7700710086 /* Frameworks */,
			);
			sourceTree = "<group>";
		};
		75570ABF1E498E5F000C6481 /* Products */ = {
			isa = PBXGroup;
			children = (
				75570ABE1E498E5F000C6481 /* TCMaskPopView.app */,
			);
			name = Products;
			sourceTree = "<group>";
		};
		75570AC01E498E5F000C6481 /* TCMaskPopView */ = {
			isa = PBXGroup;
			children = (
				75570AC41E498E5F000C6481 /* AppDelegate.h */,
				75570AC51E498E5F000C6481 /* AppDelegate.m */,
				75570AC71E498E5F000C6481 /* ViewController.h */,
				75570AC81E498E5F000C6481 /* ViewController.m */,
				75570ACA1E498E5F000C6481 /* Main.storyboard */,
				75570ACD1E498E5F000C6481 /* Assets.xcassets */,
				75570ACF1E498E5F000C6481 /* LaunchScreen.storyboard */,
				75570AD21E498E5F000C6481 /* Info.plist */,
				75570AE71E49DE90000C6481 /* Balloon.JPEG */,
				75570AC11E498E5F000C6481 /* Supporting Files */,
			);
			path = TCMaskPopView;
			sourceTree = "<group>";
		};
		75570AC11E498E5F000C6481 /* Supporting Files */ = {
			isa = PBXGroup;
			children = (
				75570AC21E498E5F000C6481 /* main.m */,
			);
			name = "Supporting Files";
			sourceTree = "<group>";
		};
/* End PBXGroup section */

/* Begin PBXNativeTarget section */
		75570ABD1E498E5F000C6481 /* TCMaskPopView */ = {
			isa = PBXNativeTarget;
			buildConfigurationList = 75570AD51E498E5F000C6481 /* Build configuration list for PBXNativeTarget "TCMaskPopView" */;
			buildPhases = (
				75570ABA1E498E5F000C6481 /* Sources */,
				75570ABB1E498E5F000C6481 /* Frameworks */,
				75570ABC1E498E5F000C6481 /* Resources */,
				75570AE61E49DC22000C6481 /* Embed Frameworks */,
			);
			buildRules = (
			);
			dependencies = (
			);
			name = TCMaskPopView;
			productName = TCMaskPopView;
			productReference = 75570ABE1E498E5F000C6481 /* TCMaskPopView.app */;
			productType = "com.apple.product-type.application";
		};
/* End PBXNativeTarget section */

/* Begin PBXProject section */
		75570AB61E498E5F000C6481 /* Project object */ = {
			isa = PBXProject;
			attributes = {
				LastUpgradeCheck = 0910;
				ORGANIZATIONNAME = TinyCrayon;
				TargetAttributes = {
					75570ABD1E498E5F000C6481 = {
						CreatedOnToolsVersion = 8.2.1;
						ProvisioningStyle = Automatic;
					};
				};
			};
			buildConfigurationList = 75570AB91E498E5F000C6481 /* Build configuration list for PBXProject "TCMaskPopView" */;
			compatibilityVersion = "Xcode 3.2";
			developmentRegion = English;
			hasScannedForEncodings = 0;
			knownRegions = (
				English,
				en,
				Base,
			);
			mainGroup = 75570AB51E498E5F000C6481;
			productRefGroup = 75570ABF1E498E5F000C6481 /* Products */;
			projectDirPath = "";
			projectReferences = (
				{
					ProductGroup = 7527FEA5270C8C7100710086 /* Products */;
					ProjectRef = 7527FEA4270C8C7100710086 /* TinyCrayon.xcodeproj */;
				},
			);
			projectRoot = "";
			targets = (
				75570ABD1E498E5F000C6481 /* TCMaskPopView */,
			);
		};
/* End PBXProject section */

/* Begin PBXReferenceProxy section */
		7527FEAA270C8C7100710086 /* TCMask.framework */ = {
			isa = PBXReferenceProxy;
			fileType = wrapper.framework;
			path = TCMask.framework;
			remoteRef = 7527FEA9270C8C7100710086 /* PBXContainerItemProxy */;
			sourceTree = BUILT_PRODUCTS_DIR;
		};
		7527FEAC270C8C7100710086 /* TCCore.framework */ = {
			isa = PBXReferenceProxy;
			fileType = wrapper.framework;
			path = TCCore.framework;
			remoteRef = 7527FEAB270C8C7100710086 /* PBXContainerItemProxy */;
			sourceTree = BUILT_PRODUCTS_DIR;
		};
/* End PBXReferenceProxy section */

/* Begin PBXResourcesBuildPhase section */
		75570ABC1E498E5F000C6481 /* Resources */ = {
			isa = PBXResourcesBuildPhase;
			buildActionMask = 2147483647;
			files = (
				75570AD11E498E5F000C6481 /* LaunchScreen.storyboard in Resources */,
				75570ACE1E498E5F000C6481 /* Assets.xcassets in Resources */,
				75570ACC1E498E5F000C6481 /* Main.storyboard in Resources */,
				75570AE81E49DE90000C6481 /* Balloon.JPEG in Resources */,
			);
			runOnlyForDeploymentPostprocessing = 0;
		};
/* End PBXResourcesBuildPhase section */

/* Begin PBXSourcesBuildPhase section */
		75570ABA1E498E5F000C6481 /* Sources */ = {
			isa = PBXSourcesBuildPhase;
			buildActionMask = 2147483647;
			files = (
				75570AC91E498E5F000C6481 /* ViewController.m in Sources */,
				75570AC61E498E5F000C6481 /* AppDelegate.m in Sources */,
				75570AC31E498E5F000C6481 /* main.m in Sources */,
			);
			runOnlyForDeploymentPostprocessing = 0;
		};
/* End PBXSourcesBuildPhase section */

/* Begin PBXVariantGroup section */
		75570ACA1E498E5F000C6481 /* Main.storyboard */ = {
			isa = PBXVariantGroup;
			children = (
				75570ACB1E498E5F000C6481 /* Base */,
			);
			name = Main.storyboard;
			sourceTree = "<group>";
		};
		75570ACF1E498E5F000C6481 /* LaunchScreen.storyboard */ = {
			isa = PBXVariantGroup;
			children = (
				75570AD01E498E5F000C6481 /* Base */,
			);
			name = LaunchScreen.storyboard;
			sourceTree = "<group>";
		};
/* End PBXVariantGroup section */

/* Begin XCBuildConfiguration section */
		75570AD31E498E5F000C6481 /* Debug */ = {
			isa = XCBuildConfiguration;
			buildSettings = {
				ALWAYS_SEARCH_USER_PATHS = NO;
				CLANG_ANALYZER_NONNULL = YES;
				CLANG_CXX_LANGUAGE_STANDARD = "gnu++0x";
				CLANG_CXX_LIBRARY = "libc++";
				CLANG_ENABLE_MODULES = YES;
				CLANG_ENABLE_OBJC_ARC = YES;
				CLANG_WARN_BLOCK_CAPTURE_AUTORELEASING = YES;
				CLANG_WARN_BOOL_CONVERSION = YES;
				CLANG_WARN_COMMA = YES;
				CLANG_WARN_CONSTANT_CONVERSION = YES;
				CLANG_WARN_DIRECT_OBJC_ISA_USAGE = YES_ERROR;
				CLANG_WARN_DOCUMENTATION_COMMENTS = YES;
				CLANG_WARN_EMPTY_BODY = YES;
				CLANG_WARN_ENUM_CONVERSION = YES;
				CLANG_WARN_INFINITE_RECURSION = YES;
				CLANG_WARN_INT_CONVERSION = YES;
				CLANG_WARN_NON_LITERAL_NULL_CONVERSION = YES;
				CLANG_WARN_OBJC_LITERAL_CONVERSION = YES;
				CLANG_WARN_OBJC_ROOT_CLASS = YES_ERROR;
				CLANG_WARN_RANGE_LOOP_ANALYSIS = YES;
				CLANG_WARN_STRICT_PROTOTYPES = YES;
				CLANG_WARN_SUSPICIOUS_MOVE = YES;
				CLANG_WARN_UNREACHABLE_CODE = YES;
				CLANG_WARN__DUPLICATE_METHOD_MATCH = YES;
				"CODE_SIGN_IDENTITY[sdk=iphoneos*]" = "iPhone Developer";
				COPY_PHASE_STRIP = NO;
				DEBUG_INFORMATION_FORMAT = dwarf;
				ENABLE_STRICT_OBJC_MSGSEND = YES;
				ENABLE_TESTABILITY = YES;
				GCC_C_LANGUAGE_STANDARD = gnu99;
				GCC_DYNAMIC_NO_PIC = NO;
				GCC_NO_COMMON_BLOCKS = YES;
				GCC_OPTIMIZATION_LEVEL = 0;
				GCC_PREPROCESSOR_DEFINITIONS = (
					"DEBUG=1",
					"$(inherited)",
				);
				GCC_WARN_64_TO_32_BIT_CONVERSION = YES;
				GCC_WARN_ABOUT_RETURN_TYPE = YES_ERROR;
				GCC_WARN_UNDECLARED_SELECTOR = YES;
				GCC_WARN_UNINITIALIZED_AUTOS = YES_AGGRESSIVE;
				GCC_WARN_UNUSED_FUNCTION = YES;
				GCC_WARN_UNUSED_VARIABLE = YES;
				IPHONEOS_DEPLOYMENT_TARGET = 10.2;
				MTL_ENABLE_DEBUG_INFO = YES;
				ONLY_ACTIVE_ARCH = YES;
				SDKROOT = iphoneos;
			};
			name = Debug;
		};
		75570AD41E498E5F000C6481 /* Release */ = {
			isa = XCBuildConfiguration;
			buildSettings = {
				ALWAYS_SEARCH_USER_PATHS = NO;
				CLANG_ANALYZER_NONNULL = YES;
				CLANG_CXX_LANGUAGE_STANDARD = "gnu++0x";
				CLANG_CXX_LIBRARY = "libc++";
				CLANG_ENABLE_MODULES = YES;
				CLANG_ENABLE_OBJC_ARC = YES;
				CLANG_WARN_BLOCK_CAPTURE_AUTORELEASING = YES;
				CLANG_WARN_BOOL_CONVERSION = YES;
				CLANG_WARN_COMMA = YES;
				CLANG_WARN_CONSTANT_CONVERSION = YES;
				CLANG_WARN_DIRECT_OBJC_ISA_USAGE = YES_ERROR;
				CLANG_WARN_DOCUMENTATION_COMMENTS = YES;
				CLANG_WARN_EMPTY_BODY = YES;
				CLANG_WARN_ENUM_CONVERSION = YES;
				CLANG_WARN_INFINITE_RECURSION = YES;
				CLANG_WARN_INT_CONVERSION = YES;
				CLANG_WARN_NON_LITERAL_NULL_CONVERSION = YES;
				CLANG_WARN_OBJC_LITERAL_CONVERSION = YES;
				CLANG_WARN_OBJC_ROOT_CLASS = YES_ERROR;
				CLANG_WARN_RANGE_LOOP_ANALYSIS = YES;
				CLANG_WARN_STRICT_PROTOTYPES = YES;
				CLANG_WARN_SUSPICIOUS_MOVE = YES;
				CLANG_WARN_UNREACHABLE_CODE = YES;
				CLANG_WARN__DUPLICATE_METHOD_MATCH = YES;
				"CODE_SIGN_IDENTITY[sdk=iphoneos*]" = "iPhone Developer";
				COPY_PHASE_STRIP = NO;
				DEBUG_INFORMATION_FORMAT = "dwarf-with-dsym";
				ENABLE_NS_ASSERTIONS = NO;
				ENABLE_STRICT_OBJC_MSGSEND = YES;
				GCC_C_LANGUAGE_STANDARD = gnu99;
				GCC_NO_COMMON_BLOCKS = YES;
				GCC_WARN_64_TO_32_BIT_CONVERSION = YES;
				GCC_WARN_ABOUT_RETURN_TYPE = YES_ERROR;
				GCC_WARN_UNDECLARED_SELECTOR = YES;
				GCC_WARN_UNINITIALIZED_AUTOS = YES_AGGRESSIVE;
				GCC_WARN_UNUSED_FUNCTION = YES;
				GCC_WARN_UNUSED_VARIABLE = YES;
				IPHONEOS_DEPLOYMENT_TARGET = 10.2;
				MTL_ENABLE_DEBUG_INFO = NO;
				SDKROOT = iphoneos;
				VALIDATE_PRODUCT = YES;
			};
			name = Release;
		};
		75570AD61E498E5F000C6481 /* Debug */ = {
			isa = XCBuildConfiguration;
			buildSettings = {
				ALWAYS_EMBED_SWIFT_STANDARD_LIBRARIES = YES;
				ASSETCATALOG_COMPILER_APPICON_NAME = AppIcon;
				DEFINES_MODULE = NO;
				FRAMEWORK_SEARCH_PATHS = (
					"$(inherited)",
					"$(PROJECT_DIR)",
				);
				INFOPLIST_FILE = TCMaskPopView/Info.plist;
				LD_RUNPATH_SEARCH_PATHS = "$(inherited) @executable_path/Frameworks";
				PRODUCT_BUNDLE_IDENTIFIER = com.TinyCrayon.TCMaskPopView;
				PRODUCT_NAME = "$(TARGET_NAME)";
			};
			name = Debug;
		};
		75570AD71E498E5F000C6481 /* Release */ = {
			isa = XCBuildConfiguration;
			buildSettings = {
				ALWAYS_EMBED_SWIFT_STANDARD_LIBRARIES = YES;
				ASSETCATALOG_COMPILER_APPICON_NAME = AppIcon;
				DEFINES_MODULE = NO;
				FRAMEWORK_SEARCH_PATHS = (
					"$(inherited)",
					"$(PROJECT_DIR)",
				);
				INFOPLIST_FILE = TCMaskPopView/Info.plist;
				LD_RUNPATH_SEARCH_PATHS = "$(inherited) @executable_path/Frameworks";
				PRODUCT_BUNDLE_IDENTIFIER = com.TinyCrayon.TCMaskPopView;
				PRODUCT_NAME = "$(TARGET_NAME)";
			};
			name = Release;
		};
/* End XCBuildConfiguration section */

/* Begin XCConfigurationList section */
		75570AB91E498E5F000C6481 /* Build configuration list for PBXProject "TCMaskPopView" */ = {
			isa = XCConfigurationList;
			buildConfigurations = (
				75570AD31E498E5F000C6481 /* Debug */,
				75570AD41E498E5F000C6481 /* Release */,
			);
			defaultConfigurationIsVisible = 0;
			defaultConfigurationName = Release;
		};
		75570AD51E498E5F000C6481 /* Build configuration list for PBXNativeTarget "TCMaskPopView" */ = {
			isa = XCConfigurationList;
			buildConfigurations = (
				75570AD61E498E5F000C6481 /* Debug */,
				75570AD71E498E5F000C6481 /* Release */,
			);
			defaultConfigurationIsVisible = 0;
			defaultConfigurationName = Release;
		};
/* End XCConfigurationList section */
	};
	rootObject = 75570AB61E498E5F000C6481 /* Project object */;
}
