// !$*UTF8*$!
{
	archiveVersion = 1;
	classes = {
	};
	objectVersion = 46;
	objects = {

/* Begin PBXBuildFile section */
		75A0A6E71E2463B5005B36B7 /* AppDelegate.swift in Sources */ = {isa = PBXBuildFile; fileRef = 75A0A6E61E2463B5005B36B7 /* AppDelegate.swift */; };
		75A0A6EC1E2463B5005B36B7 /* Main.storyboard in Resources */ = {isa = PBXBuildFile; fileRef = 75A0A6EA1E2463B5005B36B7 /* Main.storyboard */; };
		75A0A6EE1E2463B5005B36B7 /* Assets.xcassets in Resources */ = {isa = PBXBuildFile; fileRef = 75A0A6ED1E2463B5005B36B7 /* Assets.xcassets */; };
		75A0A6F11E2463B5005B36B7 /* LaunchScreen.storyboard in Resources */ = {isa = PBXBuildFile; fileRef = 75A0A6EF1E2463B5005B36B7 /* LaunchScreen.storyboard */; };
		75A0A6FA1E24683A005B36B7 /* MainViewController.swift in Sources */ = {isa = PBXBuildFile; fileRef = 75A0A6F91E24683A005B36B7 /* MainViewController.swift */; };
		75A0A6FC1E246852005B36B7 /* ConfirmViewController.swift in Sources */ = {isa = PBXBuildFile; fileRef = 75A0A6FB1E246852005B36B7 /* ConfirmViewController.swift */; };
/* End PBXBuildFile section */

/* Begin PBXFileReference section */
		75A0A6E31E2463B5005B36B7 /* TCMaskNavigationView.app */ = {isa = PBXFileReference; explicitFileType = wrapper.application; includeInIndex = 0; path = TCMaskNavigationView.app; sourceTree = BUILT_PRODUCTS_DIR; };
		75A0A6E61E2463B5005B36B7 /* AppDelegate.swift */ = {isa = PBXFileReference; lastKnownFileType = sourcecode.swift; path = AppDelegate.swift; sourceTree = "<group>"; };
		75A0A6EB1E2463B5005B36B7 /* Base */ = {isa = PBXFileReference; lastKnownFileType = file.storyboard; name = Base; path = Base.lproj/Main.storyboard; sourceTree = "<group>"; };
		75A0A6ED1E2463B5005B36B7 /* Assets.xcassets */ = {isa = PBXFileReference; lastKnownFileType = folder.assetcatalog; path = Assets.xcassets; sourceTree = "<group>"; };
		75A0A6F01E2463B5005B36B7 /* Base */ = {isa = PBXFileReference; lastKnownFileType = file.storyboard; name = Base; path = Base.lproj/LaunchScreen.storyboard; sourceTree = "<group>"; };
		75A0A6F21E2463B5005B36B7 /* Info.plist */ = {isa = PBXFileReference; lastKnownFileType = text.plist.xml; path = Info.plist; sourceTree = "<group>"; };
		75A0A6F91E24683A005B36B7 /* MainViewController.swift */ = {isa = PBXFileReference; fileEncoding = 4; lastKnownFileType = sourcecode.swift; path = MainViewController.swift; sourceTree = "<group>"; };
		75A0A6FB1E246852005B36B7 /* ConfirmViewController.swift */ = {isa = PBXFileReference; fileEncoding = 4; lastKnownFileType = sourcecode.swift; path = ConfirmViewController.swift; sourceTree = "<group>"; };
/* End PBXFileReference section */

/* Begin PBXFrameworksBuildPhase section */
		75A0A6E01E2463B5005B36B7 /* Frameworks */ = {
			isa = PBXFrameworksBuildPhase;
			buildActionMask = 2147483647;
			files = (
			);
			runOnlyForDeploymentPostprocessing = 0;
		};
/* End PBXFrameworksBuildPhase section */

/* Begin PBXGroup section */
		75A0A6DA1E2463B5005B36B7 = {
			isa = PBXGroup;
			children = (
				75A0A6E51E2463B5005B36B7 /* TCMaskNavigationView */,
				75A0A6E41E2463B5005B36B7 /* Products */,
			);
			sourceTree = "<group>";
		};
		75A0A6E41E2463B5005B36B7 /* Products */ = {
			isa = PBXGroup;
			children = (
				75A0A6E31E2463B5005B36B7 /* TCMaskNavigationView.app */,
			);
			name = Products;
			sourceTree = "<group>";
		};
		75A0A6E51E2463B5005B36B7 /* TCMaskNavigationView */ = {
			isa = PBXGroup;
			children = (
				75A0A6E61E2463B5005B36B7 /* AppDelegate.swift */,
				75A0A6EA1E2463B5005B36B7 /* Main.storyboard */,
				75A0A6ED1E2463B5005B36B7 /* Assets.xcassets */,
				75A0A6EF1E2463B5005B36B7 /* LaunchScreen.storyboard */,
				75A0A6F21E2463B5005B36B7 /* Info.plist */,
				75A0A6F91E24683A005B36B7 /* MainViewController.swift */,
				75A0A6FB1E246852005B36B7 /* ConfirmViewController.swift */,
			);
			path = TCMaskNavigationView;
			sourceTree = "<group>";
		};
/* End PBXGroup section */

/* Begin PBXNativeTarget section */
		75A0A6E21E2463B5005B36B7 /* TCMaskNavigationView */ = {
			isa = PBXNativeTarget;
			buildConfigurationList = 75A0A6F51E2463B5005B36B7 /* Build configuration list for PBXNativeTarget "TCMaskNavigationView" */;
			buildPhases = (
				75A0A6DF1E2463B5005B36B7 /* Sources */,
				75A0A6E01E2463B5005B36B7 /* Frameworks */,
				75A0A6E11E2463B5005B36B7 /* Resources */,
			);
			buildRules = (
			);
			dependencies = (
			);
			name = TCMaskNavigationView;
			productName = TCMaskNavigationView;
			productReference = 75A0A6E31E2463B5005B36B7 /* TCMaskNavigationView.app */;
			productType = "com.apple.product-type.application";
		};
/* End PBXNativeTarget section */

/* Begin PBXProject section */
		75A0A6DB1E2463B5005B36B7 /* Project object */ = {
			isa = PBXProject;
			attributes = {
				LastSwiftUpdateCheck = 0820;
				LastUpgradeCheck = 0820;
				ORGANIZATIONNAME = TinyCrayon;
				TargetAttributes = {
					75A0A6E21E2463B5005B36B7 = {
						CreatedOnToolsVersion = 8.2.1;
						ProvisioningStyle = Manual;
					};
				};
			};
			buildConfigurationList = 75A0A6DE1E2463B5005B36B7 /* Build configuration list for PBXProject "TCMaskNavigationView" */;
			compatibilityVersion = "Xcode 3.2";
			developmentRegion = English;
			hasScannedForEncodings = 0;
			knownRegions = (
				en,
				Base,
			);
			mainGroup = 75A0A6DA1E2463B5005B36B7;
			productRefGroup = 75A0A6E41E2463B5005B36B7 /* Products */;
			projectDirPath = "";
			projectRoot = "";
			targets = (
				75A0A6E21E2463B5005B36B7 /* TCMaskNavigationView */,
			);
		};
/* End PBXProject section */

/* Begin PBXResourcesBuildPhase section */
		75A0A6E11E2463B5005B36B7 /* Resources */ = {
			isa = PBXResourcesBuildPhase;
			buildActionMask = 2147483647;
			files = (
				75A0A6F11E2463B5005B36B7 /* LaunchScreen.storyboard in Resources */,
				75A0A6EE1E2463B5005B36B7 /* Assets.xcassets in Resources */,
				75A0A6EC1E2463B5005B36B7 /* Main.storyboard in Resources */,
			);
			runOnlyForDeploymentPostprocessing = 0;
		};
/* End PBXResourcesBuildPhase section */

/* Begin PBXSourcesBuildPhase section */
		75A0A6DF1E2463B5005B36B7 /* Sources */ = {
			isa = PBXSourcesBuildPhase;
			buildActionMask = 2147483647;
			files = (
				75A0A6FC1E246852005B36B7 /* ConfirmViewController.swift in Sources */,
				75A0A6E71E2463B5005B36B7 /* AppDelegate.swift in Sources */,
				75A0A6FA1E24683A005B36B7 /* MainViewController.swift in Sources */,
			);
			runOnlyForDeploymentPostprocessing = 0;
		};
/* End PBXSourcesBuildPhase section */

/* Begin PBXVariantGroup section */
		75A0A6EA1E2463B5005B36B7 /* Main.storyboard */ = {
			isa = PBXVariantGroup;
			children = (
				75A0A6EB1E2463B5005B36B7 /* Base */,
			);
			name = Main.storyboard;
			sourceTree = "<group>";
		};
		75A0A6EF1E2463B5005B36B7 /* LaunchScreen.storyboard */ = {
			isa = PBXVariantGroup;
			children = (
				75A0A6F01E2463B5005B36B7 /* Base */,
			);
			name = LaunchScreen.storyboard;
			sourceTree = "<group>";
		};
/* End PBXVariantGroup section */

/* Begin XCBuildConfiguration section */
		75A0A6F31E2463B5005B36B7 /* Debug */ = {
			isa = XCBuildConfiguration;
			buildSettings = {
				ALWAYS_SEARCH_USER_PATHS = NO;
				CLANG_ANALYZER_NONNULL = YES;
				CLANG_CXX_LANGUAGE_STANDARD = "gnu++0x";
				CLANG_CXX_LIBRARY = "libc++";
				CLANG_ENABLE_MODULES = YES;
				CLANG_ENABLE_OBJC_ARC = YES;
				CLANG_WARN_BOOL_CONVERSION = YES;
				CLANG_WARN_CONSTANT_CONVERSION = YES;
				CLANG_WARN_DIRECT_OBJC_ISA_USAGE = YES_ERROR;
				CLANG_WARN_DOCUMENTATION_COMMENTS = YES;
				CLANG_WARN_EMPTY_BODY = YES;
				CLANG_WARN_ENUM_CONVERSION = YES;
				CLANG_WARN_INFINITE_RECURSION = YES;
				CLANG_WARN_INT_CONVERSION = YES;
				CLANG_WARN_OBJC_ROOT_CLASS = YES_ERROR;
				CLANG_WARN_SUSPICIOUS_MOVE = YES;
				CLANG_WARN_UNREACHABLE_CODE = YES;
				CLANG_WARN__DUPLICATE_METHOD_MATCH = YES;
				"CODE_SIGN_IDENTITY[sdk=iphoneos*]" = "iPhone Developer";
				COPY_PHASE_STRIP = NO;
				DEBUG_INFORMATION_FORMAT = dwarf;
				ENABLE_STRICT_OBJC_MSGSEND = YES;
				ENABLE_TESTABILITY = YES;
				GCC_C_LANGUAGE_STANDARD = gnu99;
				GCC_DYNAMIC_NO_PIC = NO;
				GCC_NO_COMMON_BLOCKS = YES;
				GCC_OPTIMIZATION_LEVEL = 0;
				GCC_PREPROCESSOR_DEFINITIONS = (
					"DEBUG=1",
					"$(inherited)",
				);
				GCC_WARN_64_TO_32_BIT_CONVERSION = YES;
				GCC_WARN_ABOUT_RETURN_TYPE = YES_ERROR;
				GCC_WARN_UNDECLARED_SELECTOR = YES;
				GCC_WARN_UNINITIALIZED_AUTOS = YES_AGGRESSIVE;
				GCC_WARN_UNUSED_FUNCTION = YES;
				GCC_WARN_UNUSED_VARIABLE = YES;
				IPHONEOS_DEPLOYMENT_TARGET = 10.2;
				MTL_ENABLE_DEBUG_INFO = YES;
				ONLY_ACTIVE_ARCH = YES;
				SDKROOT = iphoneos;
				SWIFT_ACTIVE_COMPILATION_CONDITIONS = DEBUG;
				SWIFT_OPTIMIZATION_LEVEL = "-Onone";
			};
			name = Debug;
		};
		75A0A6F41E2463B5005B36B7 /* Release */ = {
			isa = XCBuildConfiguration;
			buildSettings = {
				ALWAYS_SEARCH_USER_PATHS = NO;
				CLANG_ANALYZER_NONNULL = YES;
				CLANG_CXX_LANGUAGE_STANDARD = "gnu++0x";
				CLANG_CXX_LIBRARY = "libc++";
				CLANG_ENABLE_MODULES = YES;
				CLANG_ENABLE_OBJC_ARC = YES;
				CLANG_WARN_BOOL_CONVERSION = YES;
				CLANG_WARN_CONSTANT_CONVERSION = YES;
				CLANG_WARN_DIRECT_OBJC_ISA_USAGE = YES_ERROR;
				CLANG_WARN_DOCUMENTATION_COMMENTS = YES;
				CLANG_WARN_EMPTY_BODY = YES;
				CLANG_WARN_ENUM_CONVERSION = YES;
				CLANG_WARN_INFINITE_RECURSION = YES;
				CLANG_WARN_INT_CONVERSION = YES;
				CLANG_WARN_OBJC_ROOT_CLASS = YES_ERROR;
				CLANG_WARN_SUSPICIOUS_MOVE = YES;
				CLANG_WARN_UNREACHABLE_CODE = YES;
				CLANG_WARN__DUPLICATE_METHOD_MATCH = YES;
				"CODE_SIGN_IDENTITY[sdk=iphoneos*]" = "iPhone Developer";
				COPY_PHASE_STRIP = NO;
				DEBUG_INFORMATION_FORMAT = "dwarf-with-dsym";
				ENABLE_NS_ASSERTIONS = NO;
				ENABLE_STRICT_OBJC_MSGSEND = YES;
				GCC_C_LANGUAGE_STANDARD = gnu99;
				GCC_NO_COMMON_BLOCKS = YES;
				GCC_WARN_64_TO_32_BIT_CONVERSION = YES;
				GCC_WARN_ABOUT_RETURN_TYPE = YES_ERROR;
				GCC_WARN_UNDECLARED_SELECTOR = YES;
				GCC_WARN_UNINITIALIZED_AUTOS = YES_AGGRESSIVE;
				GCC_WARN_UNUSED_FUNCTION = YES;
				GCC_WARN_UNUSED_VARIABLE = YES;
				IPHONEOS_DEPLOYMENT_TARGET = 10.2;
				MTL_ENABLE_DEBUG_INFO = NO;
				SDKROOT = iphoneos;
				SWIFT_OPTIMIZATION_LEVEL = "-Owholemodule";
				VALIDATE_PRODUCT = YES;
			};
			name = Release;
		};
		75A0A6F61E2463B5005B36B7 /* Debug */ = {
			isa = XCBuildConfiguration;
			buildSettings = {
				ASSETCATALOG_COMPILER_APPICON_NAME = AppIcon;
				DEVELOPMENT_TEAM = "";
				FRAMEWORK_SEARCH_PATHS = (
					"$(inherited)",
					"$(PROJECT_DIR)",
				);
				INFOPLIST_FILE = TCMaskNavigationView/Info.plist;
				LD_RUNPATH_SEARCH_PATHS = "$(inherited) @executable_path/Frameworks";
				PRODUCT_BUNDLE_IDENTIFIER = com.TinyCrayon.TCMaskNavigationView;
				PRODUCT_NAME = "$(TARGET_NAME)";
				SWIFT_VERSION = 3.0;
			};
			name = Debug;
		};
		75A0A6F71E2463B5005B36B7 /* Release */ = {
			isa = XCBuildConfiguration;
			buildSettings = {
				ASSETCATALOG_COMPILER_APPICON_NAME = AppIcon;
				DEVELOPMENT_TEAM = "";
				FRAMEWORK_SEARCH_PATHS = (
					"$(inherited)",
					"$(PROJECT_DIR)",
				);
				INFOPLIST_FILE = TCMaskNavigationView/Info.plist;
				LD_RUNPATH_SEARCH_PATHS = "$(inherited) @executable_path/Frameworks";
				PRODUCT_BUNDLE_IDENTIFIER = com.TinyCrayon.TCMaskNavigationView;
				PRODUCT_NAME = "$(TARGET_NAME)";
				SWIFT_VERSION = 3.0;
			};
			name = Release;
		};
/* End XCBuildConfiguration section */

/* Begin XCConfigurationList section */
		75A0A6DE1E2463B5005B36B7 /* Build configuration list for PBXProject "TCMaskNavigationView" */ = {
			isa = XCConfigurationList;
			buildConfigurations = (
				75A0A6F31E2463B5005B36B7 /* Debug */,
				75A0A6F41E2463B5005B36B7 /* Release */,
			);
			defaultConfigurationIsVisible = 0;
			defaultConfigurationName = Release;
		};
		75A0A6F51E2463B5005B36B7 /* Build configuration list for PBXNativeTarget "TCMaskNavigationView" */ = {
			isa = XCConfigurationList;
			buildConfigurations = (
				75A0A6F61E2463B5005B36B7 /* Debug */,
				75A0A6F71E2463B5005B36B7 /* Release */,
			);
			defaultConfigurationIsVisible = 0;
			defaultConfigurationName = Release;
		};
/* End XCConfigurationList section */
	};
	rootObject = 75A0A6DB1E2463B5005B36B7 /* Project object */;
}
